
Microsoft Visual Studio Solution File, Format Version 12.00
# Visual Studio Version 16
VisualStudioVersion = 16.0.29613.14
MinimumVisualStudioVersion = 10.0.40219.1
Project("{8BC9CEB8-8B4A-11D0-8D11-00A0C91BC942}") = "common", "common\common.vcxproj", "{A55360E6-6A02-42FA-A297-3C195E3DC026}"
EndProject
Project("{8BC9CEB8-8B4A-11D0-8D11-00A0C91BC942}") = "day1", "day1\day1.vcxproj", "{9C127A55-43A7-4616-B5A1-AFD7E40EF9CB}"
EndProject
Global
	GlobalSection(SolutionConfigurationPlatforms) = preSolution
		Debug|x64 = Debug|x64
		Debug|x86 = Debug|x86
		Release|x64 = Release|x64
		Release|x86 = Release|x86
	EndGlobalSection
	GlobalSection(ProjectConfigurationPlatforms) = postSolution
		{A55360E6-6A02-42FA-A297-3C195E3DC026}.Debug|x64.ActiveCfg = Debug|x64
		{A55360E6-6A02-42FA-A297-3C195E3DC026}.Debug|x64.Build.0 = Debug|x64
		{A55360E6-6A02-42FA-A297-3C195E3DC026}.Debug|x86.ActiveCfg = Debug|Win32
		{A55360E6-6A02-42FA-A297-3C195E3DC026}.Debug|x86.Build.0 = Debug|Win32
		{A55360E6-6A02-42FA-A297-3C195E3DC026}.Release|x64.ActiveCfg = Release|x64
		{A55360E6-6A02-42FA-A297-3C195E3DC026}.Release|x64.Build.0 = Release|x64
		{A55360E6-6A02-42FA-A297-3C195E3DC026}.Release|x86.ActiveCfg = Release|Win32
		{A55360E6-6A02-42FA-A297-3C195E3DC026}.Release|x86.Build.0 = Release|Win32
		{9C127A55-43A7-4616-B5A1-AFD7E40EF9CB}.Debug|x64.ActiveCfg = Debug|x64
		{9C127A55-43A7-4616-B5A1-AFD7E40EF9CB}.Debug|x64.Build.0 = Debug|x64
		{9C127A55-43A7-4616-B5A1-AFD7E40EF9CB}.Debug|x86.ActiveCfg = Debug|Win32
		{9C127A55-43A7-4616-B5A1-AFD7E40EF9CB}.Debug|x86.Build.0 = Debug|Win32
		{9C127A55-43A7-4616-B5A1-AFD7E40EF9CB}.Release|x64.ActiveCfg = Release|x64
		{9C127A55-43A7-4616-B5A1-AFD7E40EF9CB}.Release|x64.Build.0 = Release|x64
		{9C127A55-43A7-4616-B5A1-AFD7E40EF9CB}.Release|x86.ActiveCfg = Release|Win32
		{9C127A55-43A7-4616-B5A1-AFD7E40EF9CB}.Release|x86.Build.0 = Release|Win32
	EndGlobalSection
	GlobalSection(SolutionProperties) = preSolution
		HideSolutionNode = FALSE
	EndGlobalSection
	GlobalSection(ExtensibilityGlobals) = postSolution
		SolutionGuid = {56BCBE58-D291-4442-AAE4-A34261853378}
	EndGlobalSection
EndGlobal
